
Microsoft Visual Studio Solution File, Format Version 12.00
# Visual Studio Version 16
VisualStudioVersion = 16.0.30413.136
MinimumVisualStudioVersion = 10.0.40219.1
Project("{9A19103F-16F7-4668-BE54-9A1E7A4F7556}") = "Zoom and Teams integeration", "NModeTest\Zoom and Teams integeration.csproj", "{025E779E-B532-4A81-A25B-F8BA1EAEFD66}"
EndProject
Global
	GlobalSection(SolutionConfigurationPlatforms) = preSolution
		Debug|Any CPU = Debug|Any CPU
		Release|Any CPU = Release|Any CPU
	EndGlobalSection
	GlobalSection(ProjectConfigurationPlatforms) = postSolution
		{025E779E-B532-4A81-A25B-F8BA1EAEFD66}.Debug|Any CPU.ActiveCfg = Debug|Any CPU
		{025E779E-B532-4A81-A25B-F8BA1EAEFD66}.Debug|Any CPU.Build.0 = Debug|Any CPU
		{025E779E-B532-4A81-A25B-F8BA1EAEFD66}.Release|Any CPU.ActiveCfg = Release|Any CPU
		{025E779E-B532-4A81-A25B-F8BA1EAEFD66}.Release|Any CPU.Build.0 = Release|Any CPU
	EndGlobalSection
	GlobalSection(SolutionProperties) = preSolution
		HideSolutionNode = FALSE
	EndGlobalSection
	GlobalSection(ExtensibilityGlobals) = postSolution
		SolutionGuid = {FFB648B7-6F61-45AA-B4CD-FEA535F7F9E6}
	EndGlobalSection
EndGlobal
